
Microsoft Visual Studio Solution File, Format Version 12.00
# Visual Studio Version 17
VisualStudioVersion = 17.14.36301.6 d17.14
MinimumVisualStudioVersion = 10.0.40219.1
Project("{FAE04EC0-301F-11D3-BF4B-00C04F79EFBC}") = "CoffeeShopBilling", "CoffeeShopBilling.csproj", "{B55BE477-155F-4B32-BD0F-771C0A5D94F3}"
EndProject
Global
	GlobalSection(SolutionConfigurationPlatforms) = preSolution
		Debug|Any CPU = Debug|Any CPU
		Release|Any CPU = Release|Any CPU
	EndGlobalSection
	GlobalSection(ProjectConfigurationPlatforms) = postSolution
		{B55BE477-155F-4B32-BD0F-771C0A5D94F3}.Debug|Any CPU.ActiveCfg = Debug|Any CPU
		{B55BE477-155F-4B32-BD0F-771C0A5D94F3}.Debug|Any CPU.Build.0 = Debug|Any CPU
		{B55BE477-155F-4B32-BD0F-771C0A5D94F3}.Release|Any CPU.ActiveCfg = Release|Any CPU
		{B55BE477-155F-4B32-BD0F-771C0A5D94F3}.Release|Any CPU.Build.0 = Release|Any CPU
	EndGlobalSection
	GlobalSection(SolutionProperties) = preSolution
		HideSolutionNode = FALSE
	EndGlobalSection
	GlobalSection(ExtensibilityGlobals) = postSolution
		SolutionGuid = {D0F7E07E-E16F-4F7E-AA16-A1BD1ACD2560}
	EndGlobalSection
EndGlobal
